
Microsoft Visual Studio Solution File, Format Version 12.00
Project("{2150E333-8FDC-42A3-9474-1A3956D46DE8}") = "Blazor", "Blazor", "{0FA301D4-49FD-447B-AB3C-8C45C2EBB467}"
EndProject
Project("{2150E333-8FDC-42A3-9474-1A3956D46DE8}") = "WebAPI", "WebAPI", "{18F46B9D-EDCF-489C-8BF6-2A6AEEF1B0F0}"
EndProject
Project("{FAE04EC0-301F-11D3-BF4B-00C04F79EFBC}") = "BlazorWASM", "BlazorWASM\BlazorWASM.csproj", "{DC8A8FF1-124F-4C6E-A7A5-F440C9C33607}"
EndProject
Project("{FAE04EC0-301F-11D3-BF4B-00C04F79EFBC}") = "Domain", "Domain\Domain.csproj", "{A5537CF2-DD2E-43E4-A2EA-D25361F1D481}"
EndProject
Project("{FAE04EC0-301F-11D3-BF4B-00C04F79EFBC}") = "HttpClients", "HttpClients\HttpClients.csproj", "{85D517B4-FBB8-42F2-AC21-BDDD373F0D1B}"
EndProject
Project("{FAE04EC0-301F-11D3-BF4B-00C04F79EFBC}") = "Application", "Application\Application.csproj", "{B87962F4-AE2A-4149-93F1-95828F3D86EA}"
EndProject
Project("{FAE04EC0-301F-11D3-BF4B-00C04F79EFBC}") = "GrpcClient", "GrpcClient\GrpcClient.csproj", "{DCAA1393-0E9F-4CC3-8F61-01DABC0F3F51}"
EndProject
Project("{FAE04EC0-301F-11D3-BF4B-00C04F79EFBC}") = "WebAPI", "WebAPI\WebAPI.csproj", "{1B7C23E2-F121-49DF-9370-94B2E4DD94F5}"
EndProject
Global
	GlobalSection(SolutionConfigurationPlatforms) = preSolution
		Debug|Any CPU = Debug|Any CPU
		Release|Any CPU = Release|Any CPU
	EndGlobalSection
	GlobalSection(NestedProjects) = preSolution
		{DC8A8FF1-124F-4C6E-A7A5-F440C9C33607} = {0FA301D4-49FD-447B-AB3C-8C45C2EBB467}
		{A5537CF2-DD2E-43E4-A2EA-D25361F1D481} = {18F46B9D-EDCF-489C-8BF6-2A6AEEF1B0F0}
		{85D517B4-FBB8-42F2-AC21-BDDD373F0D1B} = {0FA301D4-49FD-447B-AB3C-8C45C2EBB467}
		{B87962F4-AE2A-4149-93F1-95828F3D86EA} = {18F46B9D-EDCF-489C-8BF6-2A6AEEF1B0F0}
		{DCAA1393-0E9F-4CC3-8F61-01DABC0F3F51} = {18F46B9D-EDCF-489C-8BF6-2A6AEEF1B0F0}
		{1B7C23E2-F121-49DF-9370-94B2E4DD94F5} = {18F46B9D-EDCF-489C-8BF6-2A6AEEF1B0F0}
	EndGlobalSection
	GlobalSection(ProjectConfigurationPlatforms) = postSolution
		{DC8A8FF1-124F-4C6E-A7A5-F440C9C33607}.Debug|Any CPU.ActiveCfg = Debug|Any CPU
		{DC8A8FF1-124F-4C6E-A7A5-F440C9C33607}.Debug|Any CPU.Build.0 = Debug|Any CPU
		{DC8A8FF1-124F-4C6E-A7A5-F440C9C33607}.Release|Any CPU.ActiveCfg = Release|Any CPU
		{DC8A8FF1-124F-4C6E-A7A5-F440C9C33607}.Release|Any CPU.Build.0 = Release|Any CPU
		{A5537CF2-DD2E-43E4-A2EA-D25361F1D481}.Debug|Any CPU.ActiveCfg = Debug|Any CPU
		{A5537CF2-DD2E-43E4-A2EA-D25361F1D481}.Debug|Any CPU.Build.0 = Debug|Any CPU
		{A5537CF2-DD2E-43E4-A2EA-D25361F1D481}.Release|Any CPU.ActiveCfg = Release|Any CPU
		{A5537CF2-DD2E-43E4-A2EA-D25361F1D481}.Release|Any CPU.Build.0 = Release|Any CPU
		{85D517B4-FBB8-42F2-AC21-BDDD373F0D1B}.Debug|Any CPU.ActiveCfg = Debug|Any CPU
		{85D517B4-FBB8-42F2-AC21-BDDD373F0D1B}.Debug|Any CPU.Build.0 = Debug|Any CPU
		{85D517B4-FBB8-42F2-AC21-BDDD373F0D1B}.Release|Any CPU.ActiveCfg = Release|Any CPU
		{85D517B4-FBB8-42F2-AC21-BDDD373F0D1B}.Release|Any CPU.Build.0 = Release|Any CPU
		{B87962F4-AE2A-4149-93F1-95828F3D86EA}.Debug|Any CPU.ActiveCfg = Debug|Any CPU
		{B87962F4-AE2A-4149-93F1-95828F3D86EA}.Debug|Any CPU.Build.0 = Debug|Any CPU
		{B87962F4-AE2A-4149-93F1-95828F3D86EA}.Release|Any CPU.ActiveCfg = Release|Any CPU
		{B87962F4-AE2A-4149-93F1-95828F3D86EA}.Release|Any CPU.Build.0 = Release|Any CPU
		{DCAA1393-0E9F-4CC3-8F61-01DABC0F3F51}.Debug|Any CPU.ActiveCfg = Debug|Any CPU
		{DCAA1393-0E9F-4CC3-8F61-01DABC0F3F51}.Debug|Any CPU.Build.0 = Debug|Any CPU
		{DCAA1393-0E9F-4CC3-8F61-01DABC0F3F51}.Release|Any CPU.ActiveCfg = Release|Any CPU
		{DCAA1393-0E9F-4CC3-8F61-01DABC0F3F51}.Release|Any CPU.Build.0 = Release|Any CPU
		{1B7C23E2-F121-49DF-9370-94B2E4DD94F5}.Debug|Any CPU.ActiveCfg = Debug|Any CPU
		{1B7C23E2-F121-49DF-9370-94B2E4DD94F5}.Debug|Any CPU.Build.0 = Debug|Any CPU
		{1B7C23E2-F121-49DF-9370-94B2E4DD94F5}.Release|Any CPU.ActiveCfg = Release|Any CPU
		{1B7C23E2-F121-49DF-9370-94B2E4DD94F5}.Release|Any CPU.Build.0 = Release|Any CPU
	EndGlobalSection
EndGlobal
